
Microsoft Visual Studio Solution File, Format Version 12.00
# Visual Studio Version 17
VisualStudioVersion = 17.0.32014.148
MinimumVisualStudioVersion = 10.0.40219.1
Project("{2150E333-8FDC-42A3-9474-1A3956D46DE8}") = "src", "src", "{0770CB9D-F451-4A2B-9A78-38295786D6B6}"
EndProject
Project("{2150E333-8FDC-42A3-9474-1A3956D46DE8}") = "test", "test", "{EA0502AC-200B-4E9E-A81C-C67B1A6307FA}"
EndProject
Project("{9A19103F-16F7-4668-BE54-9A1E7A4F7556}") = "Framework.Domain", "Framework.Domain\Framework.Domain.csproj", "{8C67751C-6D5B-4F08-8096-D928796C1E15}"
EndProject
Project("{9A19103F-16F7-4668-BE54-9A1E7A4F7556}") = "Framework.Domain.Test", "Framework.Domain.Test\Framework.Domain.Test.csproj", "{7ED0B874-6C3D-437A-A438-9A0FCAAA7DDB}"
EndProject
Project("{9A19103F-16F7-4668-BE54-9A1E7A4F7556}") = "Framework.Application", "Framework.Application\Framework.Application.csproj", "{CB5BD66A-41F5-4366-8534-0F0EC303535F}"
EndProject
Project("{2150E333-8FDC-42A3-9474-1A3956D46DE8}") = "Framework", "Framework", "{6EA2EE86-D86B-476F-B3C7-51A0FD555C76}"
EndProject
Project("{2150E333-8FDC-42A3-9474-1A3956D46DE8}") = "Auction", "Auction", "{7D697662-3EAA-48B3-A8E2-A1F3DD99E906}"
EndProject
Project("{2150E333-8FDC-42A3-9474-1A3956D46DE8}") = "Domain", "Domain", "{71BB7BDE-A2C5-4B65-BEF1-A8F4E7298F0F}"
EndProject
Project("{9A19103F-16F7-4668-BE54-9A1E7A4F7556}") = "AuctionManagement.Domain", "AuctionManagement.Domain\AuctionManagement.Domain.csproj", "{D06D86C9-CA59-4167-9750-B4CFA002D7E3}"
EndProject
Project("{2150E333-8FDC-42A3-9474-1A3956D46DE8}") = "Application", "Application", "{9D009478-9954-4618-935E-2732DC928E82}"
EndProject
Project("{9A19103F-16F7-4668-BE54-9A1E7A4F7556}") = "AuctionManagement.Application", "AuctionManagement.Application\AuctionManagement.Application.csproj", "{3B29E945-9C83-4426-8E85-A463CE78F0C5}"
EndProject
Project("{9A19103F-16F7-4668-BE54-9A1E7A4F7556}") = "AuctionManagement.Application.Contracts", "AuctionManagement.Application.Contracts\AuctionManagement.Application.Contracts.csproj", "{AAB23AB1-FB70-4B38-8C5E-F1900785D12A}"
EndProject
Project("{2150E333-8FDC-42A3-9474-1A3956D46DE8}") = "GateWays", "GateWays", "{CED0E049-A0DA-4A91-B189-A60A4F161AC4}"
EndProject
Project("{9A19103F-16F7-4668-BE54-9A1E7A4F7556}") = "AuctionManagement.Gateways.RestApi", "AuctionManagement.Gateways.RestApi\AuctionManagement.Gateways.RestApi.csproj", "{4E22AF6C-DA7E-4272-AD1C-58B8280E4DB0}"
EndProject
Project("{9A19103F-16F7-4668-BE54-9A1E7A4F7556}") = "ServiceHost", "ServiceHost\ServiceHost.csproj", "{DD666D55-808D-40FE-AB78-827A6F99A4EF}"
EndProject
Project("{2150E333-8FDC-42A3-9474-1A3956D46DE8}") = "Infrastructure", "Infrastructure", "{991CC8A2-3D11-45FD-BDC4-2234DD0FE108}"
EndProject
Project("{9A19103F-16F7-4668-BE54-9A1E7A4F7556}") = "AuctionManagement.Persistance.ES", "AuctionManagement.Persistance.ES\AuctionManagement.Persistance.ES.csproj", "{12E0C094-8EB7-4706-8CC6-99E49C8D2A33}"
EndProject
Project("{9A19103F-16F7-4668-BE54-9A1E7A4F7556}") = "AuctionManagement.Config", "AuctionManagement.Config\AuctionManagement.Config.csproj", "{DA5E14A5-6458-406E-8C21-A33DE3EA3EBB}"
EndProject
Project("{9A19103F-16F7-4668-BE54-9A1E7A4F7556}") = "Framework.Persistence.ES", "Framework.Persistence.ES\Framework.Persistence.ES.csproj", "{5B167865-776E-4391-9904-155B6E9C0338}"
EndProject
Project("{2150E333-8FDC-42A3-9474-1A3956D46DE8}") = "Projections", "Projections", "{3E91CEC5-708B-4D15-96C2-03364F5E16BF}"
EndProject
Project("{9A19103F-16F7-4668-BE54-9A1E7A4F7556}") = "AuctionManagement.Projections.TestProjection", "AuctionManagement.Projections.TestProjection\AuctionManagement.Projections.TestProjection.csproj", "{52F3E1DE-2208-4397-894E-9A63ED6A337B}"
EndProject
Project("{9A19103F-16F7-4668-BE54-9A1E7A4F7556}") = "AuctionManagement.Domain.Contracts", "AuctionManagement.Domain.Contracts\AuctionManagement.Domain.Contracts.csproj", "{1156AD0B-0AF4-47C4-8CF0-22BE90C3DA26}"
EndProject
Project("{2150E333-8FDC-42A3-9474-1A3956D46DE8}") = "Command", "Command", "{D34DBC81-B743-4168-A80D-48ADB94DF9DC}"
EndProject
Project("{2150E333-8FDC-42A3-9474-1A3956D46DE8}") = "Query", "Query", "{B283915F-E648-45DE-9AD2-841BA92E05B7}"
EndProject
Project("{FAE04EC0-301F-11D3-BF4B-00C04F79EFBC}") = "AuctionManagement.Query.Model", "AuctionManagement.Query.Model\AuctionManagement.Query.Model.csproj", "{DF91CC02-AA26-4761-934E-05EA7D8E2724}"
EndProject
Project("{FAE04EC0-301F-11D3-BF4B-00C04F79EFBC}") = "AuctionManagement.Query.Contracts", "AuctionManagement.Query.Contracts\AuctionManagement.Query.Contracts.csproj", "{386139DC-63DE-416D-B0EB-D29ACAC1075C}"
EndProject
Project("{FAE04EC0-301F-11D3-BF4B-00C04F79EFBC}") = "AuctionManagement.Query.Services", "AuctionManagement.Query.Services\AuctionManagement.Query.Services.csproj", "{98D86412-5AC7-4B29-99C6-39D1FDCA1711}"
EndProject
Global
	GlobalSection(SolutionConfigurationPlatforms) = preSolution
		Debug|Any CPU = Debug|Any CPU
		Release|Any CPU = Release|Any CPU
	EndGlobalSection
	GlobalSection(ProjectConfigurationPlatforms) = postSolution
		{8C67751C-6D5B-4F08-8096-D928796C1E15}.Debug|Any CPU.ActiveCfg = Debug|Any CPU
		{8C67751C-6D5B-4F08-8096-D928796C1E15}.Debug|Any CPU.Build.0 = Debug|Any CPU
		{8C67751C-6D5B-4F08-8096-D928796C1E15}.Release|Any CPU.ActiveCfg = Release|Any CPU
		{8C67751C-6D5B-4F08-8096-D928796C1E15}.Release|Any CPU.Build.0 = Release|Any CPU
		{7ED0B874-6C3D-437A-A438-9A0FCAAA7DDB}.Debug|Any CPU.ActiveCfg = Debug|Any CPU
		{7ED0B874-6C3D-437A-A438-9A0FCAAA7DDB}.Debug|Any CPU.Build.0 = Debug|Any CPU
		{7ED0B874-6C3D-437A-A438-9A0FCAAA7DDB}.Release|Any CPU.ActiveCfg = Release|Any CPU
		{7ED0B874-6C3D-437A-A438-9A0FCAAA7DDB}.Release|Any CPU.Build.0 = Release|Any CPU
		{CB5BD66A-41F5-4366-8534-0F0EC303535F}.Debug|Any CPU.ActiveCfg = Debug|Any CPU
		{CB5BD66A-41F5-4366-8534-0F0EC303535F}.Debug|Any CPU.Build.0 = Debug|Any CPU
		{CB5BD66A-41F5-4366-8534-0F0EC303535F}.Release|Any CPU.ActiveCfg = Release|Any CPU
		{CB5BD66A-41F5-4366-8534-0F0EC303535F}.Release|Any CPU.Build.0 = Release|Any CPU
		{D06D86C9-CA59-4167-9750-B4CFA002D7E3}.Debug|Any CPU.ActiveCfg = Debug|Any CPU
		{D06D86C9-CA59-4167-9750-B4CFA002D7E3}.Debug|Any CPU.Build.0 = Debug|Any CPU
		{D06D86C9-CA59-4167-9750-B4CFA002D7E3}.Release|Any CPU.ActiveCfg = Release|Any CPU
		{D06D86C9-CA59-4167-9750-B4CFA002D7E3}.Release|Any CPU.Build.0 = Release|Any CPU
		{3B29E945-9C83-4426-8E85-A463CE78F0C5}.Debug|Any CPU.ActiveCfg = Debug|Any CPU
		{3B29E945-9C83-4426-8E85-A463CE78F0C5}.Debug|Any CPU.Build.0 = Debug|Any CPU
		{3B29E945-9C83-4426-8E85-A463CE78F0C5}.Release|Any CPU.ActiveCfg = Release|Any CPU
		{3B29E945-9C83-4426-8E85-A463CE78F0C5}.Release|Any CPU.Build.0 = Release|Any CPU
		{AAB23AB1-FB70-4B38-8C5E-F1900785D12A}.Debug|Any CPU.ActiveCfg = Debug|Any CPU
		{AAB23AB1-FB70-4B38-8C5E-F1900785D12A}.Debug|Any CPU.Build.0 = Debug|Any CPU
		{AAB23AB1-FB70-4B38-8C5E-F1900785D12A}.Release|Any CPU.ActiveCfg = Release|Any CPU
		{AAB23AB1-FB70-4B38-8C5E-F1900785D12A}.Release|Any CPU.Build.0 = Release|Any CPU
		{4E22AF6C-DA7E-4272-AD1C-58B8280E4DB0}.Debug|Any CPU.ActiveCfg = Debug|Any CPU
		{4E22AF6C-DA7E-4272-AD1C-58B8280E4DB0}.Debug|Any CPU.Build.0 = Debug|Any CPU
		{4E22AF6C-DA7E-4272-AD1C-58B8280E4DB0}.Release|Any CPU.ActiveCfg = Release|Any CPU
		{4E22AF6C-DA7E-4272-AD1C-58B8280E4DB0}.Release|Any CPU.Build.0 = Release|Any CPU
		{DD666D55-808D-40FE-AB78-827A6F99A4EF}.Debug|Any CPU.ActiveCfg = Debug|Any CPU
		{DD666D55-808D-40FE-AB78-827A6F99A4EF}.Debug|Any CPU.Build.0 = Debug|Any CPU
		{DD666D55-808D-40FE-AB78-827A6F99A4EF}.Release|Any CPU.ActiveCfg = Release|Any CPU
		{DD666D55-808D-40FE-AB78-827A6F99A4EF}.Release|Any CPU.Build.0 = Release|Any CPU
		{12E0C094-8EB7-4706-8CC6-99E49C8D2A33}.Debug|Any CPU.ActiveCfg = Debug|Any CPU
		{12E0C094-8EB7-4706-8CC6-99E49C8D2A33}.Debug|Any CPU.Build.0 = Debug|Any CPU
		{12E0C094-8EB7-4706-8CC6-99E49C8D2A33}.Release|Any CPU.ActiveCfg = Release|Any CPU
		{12E0C094-8EB7-4706-8CC6-99E49C8D2A33}.Release|Any CPU.Build.0 = Release|Any CPU
		{DA5E14A5-6458-406E-8C21-A33DE3EA3EBB}.Debug|Any CPU.ActiveCfg = Debug|Any CPU
		{DA5E14A5-6458-406E-8C21-A33DE3EA3EBB}.Debug|Any CPU.Build.0 = Debug|Any CPU
		{DA5E14A5-6458-406E-8C21-A33DE3EA3EBB}.Release|Any CPU.ActiveCfg = Release|Any CPU
		{DA5E14A5-6458-406E-8C21-A33DE3EA3EBB}.Release|Any CPU.Build.0 = Release|Any CPU
		{5B167865-776E-4391-9904-155B6E9C0338}.Debug|Any CPU.ActiveCfg = Debug|Any CPU
		{5B167865-776E-4391-9904-155B6E9C0338}.Debug|Any CPU.Build.0 = Debug|Any CPU
		{5B167865-776E-4391-9904-155B6E9C0338}.Release|Any CPU.ActiveCfg = Release|Any CPU
		{5B167865-776E-4391-9904-155B6E9C0338}.Release|Any CPU.Build.0 = Release|Any CPU
		{52F3E1DE-2208-4397-894E-9A63ED6A337B}.Debug|Any CPU.ActiveCfg = Debug|Any CPU
		{52F3E1DE-2208-4397-894E-9A63ED6A337B}.Debug|Any CPU.Build.0 = Debug|Any CPU
		{52F3E1DE-2208-4397-894E-9A63ED6A337B}.Release|Any CPU.ActiveCfg = Release|Any CPU
		{52F3E1DE-2208-4397-894E-9A63ED6A337B}.Release|Any CPU.Build.0 = Release|Any CPU
		{1156AD0B-0AF4-47C4-8CF0-22BE90C3DA26}.Debug|Any CPU.ActiveCfg = Debug|Any CPU
		{1156AD0B-0AF4-47C4-8CF0-22BE90C3DA26}.Debug|Any CPU.Build.0 = Debug|Any CPU
		{1156AD0B-0AF4-47C4-8CF0-22BE90C3DA26}.Release|Any CPU.ActiveCfg = Release|Any CPU
		{1156AD0B-0AF4-47C4-8CF0-22BE90C3DA26}.Release|Any CPU.Build.0 = Release|Any CPU
		{DF91CC02-AA26-4761-934E-05EA7D8E2724}.Debug|Any CPU.ActiveCfg = Debug|Any CPU
		{DF91CC02-AA26-4761-934E-05EA7D8E2724}.Debug|Any CPU.Build.0 = Debug|Any CPU
		{DF91CC02-AA26-4761-934E-05EA7D8E2724}.Release|Any CPU.ActiveCfg = Release|Any CPU
		{DF91CC02-AA26-4761-934E-05EA7D8E2724}.Release|Any CPU.Build.0 = Release|Any CPU
		{386139DC-63DE-416D-B0EB-D29ACAC1075C}.Debug|Any CPU.ActiveCfg = Debug|Any CPU
		{386139DC-63DE-416D-B0EB-D29ACAC1075C}.Debug|Any CPU.Build.0 = Debug|Any CPU
		{386139DC-63DE-416D-B0EB-D29ACAC1075C}.Release|Any CPU.ActiveCfg = Release|Any CPU
		{386139DC-63DE-416D-B0EB-D29ACAC1075C}.Release|Any CPU.Build.0 = Release|Any CPU
		{98D86412-5AC7-4B29-99C6-39D1FDCA1711}.Debug|Any CPU.ActiveCfg = Debug|Any CPU
		{98D86412-5AC7-4B29-99C6-39D1FDCA1711}.Debug|Any CPU.Build.0 = Debug|Any CPU
		{98D86412-5AC7-4B29-99C6-39D1FDCA1711}.Release|Any CPU.ActiveCfg = Release|Any CPU
		{98D86412-5AC7-4B29-99C6-39D1FDCA1711}.Release|Any CPU.Build.0 = Release|Any CPU
	EndGlobalSection
	GlobalSection(SolutionProperties) = preSolution
		HideSolutionNode = FALSE
	EndGlobalSection
	GlobalSection(NestedProjects) = preSolution
		{8C67751C-6D5B-4F08-8096-D928796C1E15} = {6EA2EE86-D86B-476F-B3C7-51A0FD555C76}
		{7ED0B874-6C3D-437A-A438-9A0FCAAA7DDB} = {EA0502AC-200B-4E9E-A81C-C67B1A6307FA}
		{CB5BD66A-41F5-4366-8534-0F0EC303535F} = {6EA2EE86-D86B-476F-B3C7-51A0FD555C76}
		{6EA2EE86-D86B-476F-B3C7-51A0FD555C76} = {0770CB9D-F451-4A2B-9A78-38295786D6B6}
		{7D697662-3EAA-48B3-A8E2-A1F3DD99E906} = {0770CB9D-F451-4A2B-9A78-38295786D6B6}
		{71BB7BDE-A2C5-4B65-BEF1-A8F4E7298F0F} = {7D697662-3EAA-48B3-A8E2-A1F3DD99E906}
		{D06D86C9-CA59-4167-9750-B4CFA002D7E3} = {71BB7BDE-A2C5-4B65-BEF1-A8F4E7298F0F}
		{9D009478-9954-4618-935E-2732DC928E82} = {7D697662-3EAA-48B3-A8E2-A1F3DD99E906}
		{3B29E945-9C83-4426-8E85-A463CE78F0C5} = {D34DBC81-B743-4168-A80D-48ADB94DF9DC}
		{AAB23AB1-FB70-4B38-8C5E-F1900785D12A} = {D34DBC81-B743-4168-A80D-48ADB94DF9DC}
		{CED0E049-A0DA-4A91-B189-A60A4F161AC4} = {7D697662-3EAA-48B3-A8E2-A1F3DD99E906}
		{4E22AF6C-DA7E-4272-AD1C-58B8280E4DB0} = {CED0E049-A0DA-4A91-B189-A60A4F161AC4}
		{DD666D55-808D-40FE-AB78-827A6F99A4EF} = {7D697662-3EAA-48B3-A8E2-A1F3DD99E906}
		{991CC8A2-3D11-45FD-BDC4-2234DD0FE108} = {7D697662-3EAA-48B3-A8E2-A1F3DD99E906}
		{12E0C094-8EB7-4706-8CC6-99E49C8D2A33} = {991CC8A2-3D11-45FD-BDC4-2234DD0FE108}
		{DA5E14A5-6458-406E-8C21-A33DE3EA3EBB} = {991CC8A2-3D11-45FD-BDC4-2234DD0FE108}
		{5B167865-776E-4391-9904-155B6E9C0338} = {6EA2EE86-D86B-476F-B3C7-51A0FD555C76}
		{3E91CEC5-708B-4D15-96C2-03364F5E16BF} = {7D697662-3EAA-48B3-A8E2-A1F3DD99E906}
		{52F3E1DE-2208-4397-894E-9A63ED6A337B} = {3E91CEC5-708B-4D15-96C2-03364F5E16BF}
		{1156AD0B-0AF4-47C4-8CF0-22BE90C3DA26} = {71BB7BDE-A2C5-4B65-BEF1-A8F4E7298F0F}
		{D34DBC81-B743-4168-A80D-48ADB94DF9DC} = {9D009478-9954-4618-935E-2732DC928E82}
		{B283915F-E648-45DE-9AD2-841BA92E05B7} = {9D009478-9954-4618-935E-2732DC928E82}
		{DF91CC02-AA26-4761-934E-05EA7D8E2724} = {B283915F-E648-45DE-9AD2-841BA92E05B7}
		{386139DC-63DE-416D-B0EB-D29ACAC1075C} = {B283915F-E648-45DE-9AD2-841BA92E05B7}
		{98D86412-5AC7-4B29-99C6-39D1FDCA1711} = {B283915F-E648-45DE-9AD2-841BA92E05B7}
	EndGlobalSection
	GlobalSection(ExtensibilityGlobals) = postSolution
		SolutionGuid = {74368CC6-053A-4A14-A9FF-3833FD97C607}
	EndGlobalSection
EndGlobal
